
Microsoft Visual Studio Solution File, Format Version 12.00
# Visual Studio Version 17
VisualStudioVersion = 17.7.34031.279
MinimumVisualStudioVersion = 10.0.40219.1
Project("{FAE04EC0-301F-11D3-BF4B-00C04F79EFBC}") = "internal", "internal\internal.csproj", "{80D54FDE-86FE-4C1F-A18D-30F0B330F3C1}"
EndProject
Global
	GlobalSection(SolutionConfigurationPlatforms) = preSolution
		Debug|Any CPU = Debug|Any CPU
		Release|Any CPU = Release|Any CPU
	EndGlobalSection
	GlobalSection(ProjectConfigurationPlatforms) = postSolution
		{80D54FDE-86FE-4C1F-A18D-30F0B330F3C1}.Debug|Any CPU.ActiveCfg = Debug|Any CPU
		{80D54FDE-86FE-4C1F-A18D-30F0B330F3C1}.Debug|Any CPU.Build.0 = Debug|Any CPU
		{80D54FDE-86FE-4C1F-A18D-30F0B330F3C1}.Release|Any CPU.ActiveCfg = Release|Any CPU
		{80D54FDE-86FE-4C1F-A18D-30F0B330F3C1}.Release|Any CPU.Build.0 = Release|Any CPU
	EndGlobalSection
	GlobalSection(SolutionProperties) = preSolution
		HideSolutionNode = FALSE
	EndGlobalSection
	GlobalSection(ExtensibilityGlobals) = postSolution
		SolutionGuid = {457A621F-B4C7-4294-95BD-F5C3A555B003}
	EndGlobalSection
EndGlobal
